
Microsoft Visual Studio Solution File, Format Version 12.00
# Visual Studio Version 17
VisualStudioVersion = 17.0.31903.59
MinimumVisualStudioVersion = 10.0.40219.1
Project("{FAE04EC0-301F-11D3-BF4B-00C04F79EFBC}") = "ModemLib", "Shared\ModemLib\ModemLib.csproj", "{A1B2C3D4-E5F6-7890-ABCD-EF1234567890}"
EndProject
Project("{FAE04EC0-301F-11D3-BF4B-00C04F79EFBC}") = "WindowsPhoneLauncher", "Launcher\WindowsPhoneLauncher.csproj", "{B2C3D4E5-F6A7-8901-BCDE-F23456789012}"
EndProject
Project("{FAE04EC0-301F-11D3-BF4B-00C04F79EFBC}") = "WindowsPhoneDialer", "Dialer\WindowsPhoneDialer.csproj", "{C3D4E5F6-A7B8-9012-CDEF-345678901234}"
EndProject
Project("{FAE04EC0-301F-11D3-BF4B-00C04F79EFBC}") = "WindowsPhoneMessaging", "Messaging\WindowsPhoneMessaging.csproj", "{D4E5F6A7-B8C9-0123-DEFA-456789012345}"
EndProject
Project("{FAE04EC0-301F-11D3-BF4B-00C04F79EFBC}") = "WindowsPhoneBrowser", "Browser\WindowsPhoneBrowser.csproj", "{E5F6A7B8-C9D0-1234-EFAB-567890123456}"
EndProject
Project("{FAE04EC0-301F-11D3-BF4B-00C04F79EFBC}") = "WindowsPhoneMusic", "Music\Launcher\WindowsPhoneMusic.csproj", "{F6A7B8C9-D0E1-2345-FABC-678901234567}"
EndProject
Project("{FAE04EC0-301F-11D3-BF4B-00C04F79EFBC}") = "WindowsPhoneMaps", "Maps\WindowsPhoneMaps.csproj", "{A7B8C9D0-E1F2-3456-ABCD-789012345678}"
EndProject
Project("{FAE04EC0-301F-11D3-BF4B-00C04F79EFBC}") = "WindowsPhoneCalendar", "Calendar\WindowsPhoneCalendar.csproj", "{B8C9D0E1-F2A3-4567-BCDE-890123456789}"
EndProject
Project("{FAE04EC0-301F-11D3-BF4B-00C04F79EFBC}") = "WindowsPhoneGallery", "Gallery\WindowsPhoneGallery.csproj", "{C9D0E1F2-A3B4-5678-CDEF-901234567890}"
EndProject
Project("{FAE04EC0-301F-11D3-BF4B-00C04F79EFBC}") = "WindowsPhoneContacts", "Contacts\WindowsPhoneContacts.csproj", "{D0E1F2A3-B4C5-6789-DEFA-012345678901}"
EndProject
Project("{FAE04EC0-301F-11D3-BF4B-00C04F79EFBC}") = "WindowsPhoneGmail", "Gmail\WindowsPhoneGmail.csproj", "{E1F2A3B4-C5D6-7890-EFAB-123456789012}"
EndProject
Project("{FAE04EC0-301F-11D3-BF4B-00C04F79EFBC}") = "WindowsPhoneSolitaire", "Solitaire\WindowsPhoneSolitaire.csproj", "{F2A3B4C5-D6E7-8901-FABC-234567890123}"
EndProject
Project("{FAE04EC0-301F-11D3-BF4B-00C04F79EFBC}") = "WindowsPhoneMahjong", "Mahjong\WindowsPhoneMahjong.csproj", "{A3B4C5D6-E7F8-9012-ABCD-345678901234}"
EndProject
Project("{FAE04EC0-301F-11D3-BF4B-00C04F79EFBC}") = "WindowsPhoneVideo", "Video\WindowsPhoneVideo.csproj", "{B4C5D6E7-F8A9-0123-BCDE-456789012345}"
EndProject
Project("{FAE04EC0-301F-11D3-BF4B-00C04F79EFBC}") = "WindowsPhoneAndroidApps", "AndroidApps\WindowsPhoneAndroidApps.csproj", "{C5D6E7F8-A9B0-1234-CDEF-567890123456}"
EndProject
Project("{FAE04EC0-301F-11D3-BF4B-00C04F79EFBC}") = "WindowsPhoneTerminal", "Terminal\WindowsPhoneTerminal.csproj", "{D6E7F8A9-B0C1-2345-DEFA-678901234567}"
EndProject
Project("{FAE04EC0-301F-11D3-BF4B-00C04F79EFBC}") = "WindowsPhoneClaudeCode", "ClaudeCode\WindowsPhoneClaudeCode.csproj", "{E7F8A9B0-C1D2-3456-EFAB-789012345678}"
EndProject
Global
	GlobalSection(SolutionConfigurationPlatforms) = preSolution
		Debug|Any CPU = Debug|Any CPU
		Release|Any CPU = Release|Any CPU
	EndGlobalSection
	GlobalSection(ProjectConfigurationPlatforms) = postSolution
		{A1B2C3D4-E5F6-7890-ABCD-EF1234567890}.Debug|Any CPU.ActiveCfg = Debug|Any CPU
		{A1B2C3D4-E5F6-7890-ABCD-EF1234567890}.Debug|Any CPU.Build.0 = Debug|Any CPU
		{A1B2C3D4-E5F6-7890-ABCD-EF1234567890}.Release|Any CPU.ActiveCfg = Release|Any CPU
		{A1B2C3D4-E5F6-7890-ABCD-EF1234567890}.Release|Any CPU.Build.0 = Release|Any CPU
		{B2C3D4E5-F6A7-8901-BCDE-F23456789012}.Debug|Any CPU.ActiveCfg = Debug|Any CPU
		{B2C3D4E5-F6A7-8901-BCDE-F23456789012}.Debug|Any CPU.Build.0 = Debug|Any CPU
		{B2C3D4E5-F6A7-8901-BCDE-F23456789012}.Release|Any CPU.ActiveCfg = Release|Any CPU
		{B2C3D4E5-F6A7-8901-BCDE-F23456789012}.Release|Any CPU.Build.0 = Release|Any CPU
		{C3D4E5F6-A7B8-9012-CDEF-345678901234}.Debug|Any CPU.ActiveCfg = Debug|Any CPU
		{C3D4E5F6-A7B8-9012-CDEF-345678901234}.Debug|Any CPU.Build.0 = Debug|Any CPU
		{C3D4E5F6-A7B8-9012-CDEF-345678901234}.Release|Any CPU.ActiveCfg = Release|Any CPU
		{C3D4E5F6-A7B8-9012-CDEF-345678901234}.Release|Any CPU.Build.0 = Release|Any CPU
		{D4E5F6A7-B8C9-0123-DEFA-456789012345}.Debug|Any CPU.ActiveCfg = Debug|Any CPU
		{D4E5F6A7-B8C9-0123-DEFA-456789012345}.Debug|Any CPU.Build.0 = Debug|Any CPU
		{D4E5F6A7-B8C9-0123-DEFA-456789012345}.Release|Any CPU.ActiveCfg = Release|Any CPU
		{D4E5F6A7-B8C9-0123-DEFA-456789012345}.Release|Any CPU.Build.0 = Release|Any CPU
		{E5F6A7B8-C9D0-1234-EFAB-567890123456}.Debug|Any CPU.ActiveCfg = Debug|Any CPU
		{E5F6A7B8-C9D0-1234-EFAB-567890123456}.Debug|Any CPU.Build.0 = Debug|Any CPU
		{E5F6A7B8-C9D0-1234-EFAB-567890123456}.Release|Any CPU.ActiveCfg = Release|Any CPU
		{E5F6A7B8-C9D0-1234-EFAB-567890123456}.Release|Any CPU.Build.0 = Release|Any CPU
		{F6A7B8C9-D0E1-2345-FABC-678901234567}.Debug|Any CPU.ActiveCfg = Debug|Any CPU
		{F6A7B8C9-D0E1-2345-FABC-678901234567}.Debug|Any CPU.Build.0 = Debug|Any CPU
		{F6A7B8C9-D0E1-2345-FABC-678901234567}.Release|Any CPU.ActiveCfg = Release|Any CPU
		{F6A7B8C9-D0E1-2345-FABC-678901234567}.Release|Any CPU.Build.0 = Release|Any CPU
		{A7B8C9D0-E1F2-3456-ABCD-789012345678}.Debug|Any CPU.ActiveCfg = Debug|Any CPU
		{A7B8C9D0-E1F2-3456-ABCD-789012345678}.Debug|Any CPU.Build.0 = Debug|Any CPU
		{A7B8C9D0-E1F2-3456-ABCD-789012345678}.Release|Any CPU.ActiveCfg = Release|Any CPU
		{A7B8C9D0-E1F2-3456-ABCD-789012345678}.Release|Any CPU.Build.0 = Release|Any CPU
		{B8C9D0E1-F2A3-4567-BCDE-890123456789}.Debug|Any CPU.ActiveCfg = Debug|Any CPU
		{B8C9D0E1-F2A3-4567-BCDE-890123456789}.Debug|Any CPU.Build.0 = Debug|Any CPU
		{B8C9D0E1-F2A3-4567-BCDE-890123456789}.Release|Any CPU.ActiveCfg = Release|Any CPU
		{B8C9D0E1-F2A3-4567-BCDE-890123456789}.Release|Any CPU.Build.0 = Release|Any CPU
		{C9D0E1F2-A3B4-5678-CDEF-901234567890}.Debug|Any CPU.ActiveCfg = Debug|Any CPU
		{C9D0E1F2-A3B4-5678-CDEF-901234567890}.Debug|Any CPU.Build.0 = Debug|Any CPU
		{C9D0E1F2-A3B4-5678-CDEF-901234567890}.Release|Any CPU.ActiveCfg = Release|Any CPU
		{C9D0E1F2-A3B4-5678-CDEF-901234567890}.Release|Any CPU.Build.0 = Release|Any CPU
		{D0E1F2A3-B4C5-6789-DEFA-012345678901}.Debug|Any CPU.ActiveCfg = Debug|Any CPU
		{D0E1F2A3-B4C5-6789-DEFA-012345678901}.Debug|Any CPU.Build.0 = Debug|Any CPU
		{D0E1F2A3-B4C5-6789-DEFA-012345678901}.Release|Any CPU.ActiveCfg = Release|Any CPU
		{D0E1F2A3-B4C5-6789-DEFA-012345678901}.Release|Any CPU.Build.0 = Release|Any CPU
		{E1F2A3B4-C5D6-7890-EFAB-123456789012}.Debug|Any CPU.ActiveCfg = Debug|Any CPU
		{E1F2A3B4-C5D6-7890-EFAB-123456789012}.Debug|Any CPU.Build.0 = Debug|Any CPU
		{E1F2A3B4-C5D6-7890-EFAB-123456789012}.Release|Any CPU.ActiveCfg = Release|Any CPU
		{E1F2A3B4-C5D6-7890-EFAB-123456789012}.Release|Any CPU.Build.0 = Release|Any CPU
		{F2A3B4C5-D6E7-8901-FABC-234567890123}.Debug|Any CPU.ActiveCfg = Debug|Any CPU
		{F2A3B4C5-D6E7-8901-FABC-234567890123}.Debug|Any CPU.Build.0 = Debug|Any CPU
		{F2A3B4C5-D6E7-8901-FABC-234567890123}.Release|Any CPU.ActiveCfg = Release|Any CPU
		{F2A3B4C5-D6E7-8901-FABC-234567890123}.Release|Any CPU.Build.0 = Release|Any CPU
		{A3B4C5D6-E7F8-9012-ABCD-345678901234}.Debug|Any CPU.ActiveCfg = Debug|Any CPU
		{A3B4C5D6-E7F8-9012-ABCD-345678901234}.Debug|Any CPU.Build.0 = Debug|Any CPU
		{A3B4C5D6-E7F8-9012-ABCD-345678901234}.Release|Any CPU.ActiveCfg = Release|Any CPU
		{A3B4C5D6-E7F8-9012-ABCD-345678901234}.Release|Any CPU.Build.0 = Release|Any CPU
		{B4C5D6E7-F8A9-0123-BCDE-456789012345}.Debug|Any CPU.ActiveCfg = Debug|Any CPU
		{B4C5D6E7-F8A9-0123-BCDE-456789012345}.Debug|Any CPU.Build.0 = Debug|Any CPU
		{B4C5D6E7-F8A9-0123-BCDE-456789012345}.Release|Any CPU.ActiveCfg = Release|Any CPU
		{B4C5D6E7-F8A9-0123-BCDE-456789012345}.Release|Any CPU.Build.0 = Release|Any CPU
		{C5D6E7F8-A9B0-1234-CDEF-567890123456}.Debug|Any CPU.ActiveCfg = Debug|Any CPU
		{C5D6E7F8-A9B0-1234-CDEF-567890123456}.Debug|Any CPU.Build.0 = Debug|Any CPU
		{C5D6E7F8-A9B0-1234-CDEF-567890123456}.Release|Any CPU.ActiveCfg = Release|Any CPU
		{C5D6E7F8-A9B0-1234-CDEF-567890123456}.Release|Any CPU.Build.0 = Release|Any CPU
		{D6E7F8A9-B0C1-2345-DEFA-678901234567}.Debug|Any CPU.ActiveCfg = Debug|Any CPU
		{D6E7F8A9-B0C1-2345-DEFA-678901234567}.Debug|Any CPU.Build.0 = Debug|Any CPU
		{D6E7F8A9-B0C1-2345-DEFA-678901234567}.Release|Any CPU.ActiveCfg = Release|Any CPU
		{D6E7F8A9-B0C1-2345-DEFA-678901234567}.Release|Any CPU.Build.0 = Release|Any CPU
		{E7F8A9B0-C1D2-3456-EFAB-789012345678}.Debug|Any CPU.ActiveCfg = Debug|Any CPU
		{E7F8A9B0-C1D2-3456-EFAB-789012345678}.Debug|Any CPU.Build.0 = Debug|Any CPU
		{E7F8A9B0-C1D2-3456-EFAB-789012345678}.Release|Any CPU.ActiveCfg = Release|Any CPU
		{E7F8A9B0-C1D2-3456-EFAB-789012345678}.Release|Any CPU.Build.0 = Release|Any CPU
	EndGlobalSection
EndGlobal
